<?xml version="1.0" encoding="utf-8"?>
<Project ToolsVersion="4.0" xmlns="http://schemas.microsoft.com/developer/msbuild/2003">
  <ItemGroup>
    <Filter Include="src">
      <UniqueIdentifier>{93995380-89BD-4b04-88EB-625FBE52EBFB}</UniqueIdentifier>
      <Extensions>h;hh;hpp;hxx;hm;inl;inc;xsd</Extensions>
    </Filter>
    <Filter Include="proto">
      <UniqueIdentifier>{b633ec69-3f85-4d88-b6d2-1564f3661811}</UniqueIdentifier>
    </Filter>
  </ItemGroup>
  <ItemGroup>
    <ClCompile Include="..\src\main.cpp">
      <Filter>src</Filter>
    </ClCompile>
    <ClCompile Include="..\proto\game.pb.cc">
      <Filter>proto</Filter>
    </ClCompile>
    <ClCompile Include="..\src\tp_protocol.cc">
      <Filter>src</Filter>
    </ClCompile>
  </ItemGroup>
  <ItemGroup>
    <ClInclude Include="..\proto\game.pb.h">
      <Filter>proto</Filter>
    </ClInclude>
    <ClInclude Include="..\src\tp_protocol.h">
      <Filter>src</Filter>
    </ClInclude>
  </ItemGroup>
</Project>